// !$*UTF8*$!
{
	archiveVersion = 1;
	classes = {
	};
	objectVersion = 56;
	objects = {

/* Begin PBXBuildFile section */
		6F0614F52B00F3FF002D11E6 /* Storage.swift in Sources */ = {isa = PBXBuildFile; fileRef = 6F0614F42B00F3FF002D11E6 /* Storage.swift */; };
		6F0614FA2B0203E7002D11E6 /* ProductCardCollectionViewCell.swift in Sources */ = {isa = PBXBuildFile; fileRef = 6F0614F92B0203E7002D11E6 /* ProductCardCollectionViewCell.swift */; };
		6F0614FC2B0209D7002D11E6 /* ProductCard.swift in Sources */ = {isa = PBXBuildFile; fileRef = 6F0614FB2B0209D7002D11E6 /* ProductCard.swift */; };
		6F09D4092AE2765F00C072FE /* SignupViewController.swift in Sources */ = {isa = PBXBuildFile; fileRef = 6F09D4082AE2765F00C072FE /* SignupViewController.swift */; };
		6F09D40B2AE2785300C072FE /* BackButton.swift in Sources */ = {isa = PBXBuildFile; fileRef = 6F09D40A2AE2785300C072FE /* BackButton.swift */; };
		6F3EE8F72AE0326900092A87 /* AppDelegate.swift in Sources */ = {isa = PBXBuildFile; fileRef = 6F3EE8F62AE0326900092A87 /* AppDelegate.swift */; };
		6F3EE8F92AE0326900092A87 /* SceneDelegate.swift in Sources */ = {isa = PBXBuildFile; fileRef = 6F3EE8F82AE0326900092A87 /* SceneDelegate.swift */; };
		6F3EE8FB2AE0326900092A87 /* LoginViewController.swift in Sources */ = {isa = PBXBuildFile; fileRef = 6F3EE8FA2AE0326900092A87 /* LoginViewController.swift */; };
		6F3EE9002AE0326B00092A87 /* Assets.xcassets in Resources */ = {isa = PBXBuildFile; fileRef = 6F3EE8FF2AE0326B00092A87 /* Assets.xcassets */; };
		6F3EE9032AE0326B00092A87 /* LaunchScreen.storyboard in Resources */ = {isa = PBXBuildFile; fileRef = 6F3EE9012AE0326B00092A87 /* LaunchScreen.storyboard */; };
		6F3EE9172AE0EFF600092A87 /* TextField.swift in Sources */ = {isa = PBXBuildFile; fileRef = 6F3EE9162AE0EFF600092A87 /* TextField.swift */; };
		6F3EE91A2AE0F04600092A87 /* SnapKit in Frameworks */ = {isa = PBXBuildFile; productRef = 6F3EE9192AE0F04600092A87 /* SnapKit */; };
		6F3EE91F2AE0F17D00092A87 /* gothampro.ttf in Resources */ = {isa = PBXBuildFile; fileRef = 6F3EE91C2AE0F17D00092A87 /* gothampro.ttf */; };
		6F3EE9202AE0F17D00092A87 /* gothampro_bold.ttf in Resources */ = {isa = PBXBuildFile; fileRef = 6F3EE91D2AE0F17D00092A87 /* gothampro_bold.ttf */; };
		6F3EE9222AE0F3F900092A87 /* Button.swift in Sources */ = {isa = PBXBuildFile; fileRef = 6F3EE9212AE0F3F900092A87 /* Button.swift */; };
		6F3EE9242AE0F8DB00092A87 /* Nunito-ExtraBold.ttf in Resources */ = {isa = PBXBuildFile; fileRef = 6F3EE9232AE0F8DB00092A87 /* Nunito-ExtraBold.ttf */; };
		6F3EE9262AE1008C00092A87 /* gothampro_medium.ttf in Resources */ = {isa = PBXBuildFile; fileRef = 6F3EE9252AE1008C00092A87 /* gothampro_medium.ttf */; };
		6F49338A2B0F9F3D00586089 /* AddProductView.swift in Sources */ = {isa = PBXBuildFile; fileRef = 6F4933892B0F9F3D00586089 /* AddProductView.swift */; };
		6F49338C2B0FA16300586089 /* AddProductViewController.swift in Sources */ = {isa = PBXBuildFile; fileRef = 6F49338B2B0FA16300586089 /* AddProductViewController.swift */; };
		6F4CA7B12B0712CA00313EF9 /* MyProductsViewController.swift in Sources */ = {isa = PBXBuildFile; fileRef = 6F4CA7B02B0712CA00313EF9 /* MyProductsViewController.swift */; };
		6F4CA7B32B07B69E00313EF9 /* ModalView.swift in Sources */ = {isa = PBXBuildFile; fileRef = 6F4CA7B22B07B69E00313EF9 /* ModalView.swift */; };
		6F4CA7B52B07EE7D00313EF9 /* AlertViewController.swift in Sources */ = {isa = PBXBuildFile; fileRef = 6F4CA7B42B07EE7D00313EF9 /* AlertViewController.swift */; };
		6FB80C012B0BB5D500BC605D /* BarButtonItem.swift in Sources */ = {isa = PBXBuildFile; fileRef = 6FB80C002B0BB5D500BC605D /* BarButtonItem.swift */; };
		6FB80C032B0BB66B00BC605D /* ProfileTextField.swift in Sources */ = {isa = PBXBuildFile; fileRef = 6FB80C022B0BB66B00BC605D /* ProfileTextField.swift */; };
		6FF487D12AED40E7004E9B2A /* CreatePasswordViewController.swift in Sources */ = {isa = PBXBuildFile; fileRef = 6FF487D02AED40E7004E9B2A /* CreatePasswordViewController.swift */; };
		6FFD62342AF3C5C00036C106 /* TabBarViewController.swift in Sources */ = {isa = PBXBuildFile; fileRef = 6FFD62332AF3C5C00036C106 /* TabBarViewController.swift */; };
		6FFD62372AF3C7100036C106 /* ProfileViewController.swift in Sources */ = {isa = PBXBuildFile; fileRef = 6FFD62362AF3C7100036C106 /* ProfileViewController.swift */; };
		6FFD62392AF3C7440036C106 /* ChatsViewController.swift in Sources */ = {isa = PBXBuildFile; fileRef = 6FFD62382AF3C7440036C106 /* ChatsViewController.swift */; };
		6FFD623B2AF3C7BF0036C106 /* WalletViewController.swift in Sources */ = {isa = PBXBuildFile; fileRef = 6FFD623A2AF3C7BE0036C106 /* WalletViewController.swift */; };
		6FFD623D2AF3C7DE0036C106 /* HomeViewController.swift in Sources */ = {isa = PBXBuildFile; fileRef = 6FFD623C2AF3C7DE0036C106 /* HomeViewController.swift */; };
		6FFD62402AF3C8130036C106 /* FavoritesViewController.swift in Sources */ = {isa = PBXBuildFile; fileRef = 6FFD623F2AF3C8130036C106 /* FavoritesViewController.swift */; };
		6FFD62422AF3C82D0036C106 /* LogoutViewController.swift in Sources */ = {isa = PBXBuildFile; fileRef = 6FFD62412AF3C82D0036C106 /* LogoutViewController.swift */; };
		6FFD62442AF3C8B10036C106 /* UserInfoViewController.swift in Sources */ = {isa = PBXBuildFile; fileRef = 6FFD62432AF3C8B10036C106 /* UserInfoViewController.swift */; };
		6FFD62462AF3C8CD0036C106 /* AddNumberViewController.swift in Sources */ = {isa = PBXBuildFile; fileRef = 6FFD62452AF3C8CD0036C106 /* AddNumberViewController.swift */; };
		6FFD62482AF3C9150036C106 /* ConfirmCodeViewController.swift in Sources */ = {isa = PBXBuildFile; fileRef = 6FFD62472AF3C9150036C106 /* ConfirmCodeViewController.swift */; };
		6FFD624E2AF3CAA90036C106 /* ProductDetailsViewController.swift in Sources */ = {isa = PBXBuildFile; fileRef = 6FFD624D2AF3CAA90036C106 /* ProductDetailsViewController.swift */; };
/* End PBXBuildFile section */

/* Begin PBXFileReference section */
		6F0614F42B00F3FF002D11E6 /* Storage.swift */ = {isa = PBXFileReference; lastKnownFileType = sourcecode.swift; path = Storage.swift; sourceTree = "<group>"; };
		6F0614F92B0203E7002D11E6 /* ProductCardCollectionViewCell.swift */ = {isa = PBXFileReference; lastKnownFileType = sourcecode.swift; path = ProductCardCollectionViewCell.swift; sourceTree = "<group>"; };
		6F0614FB2B0209D7002D11E6 /* ProductCard.swift */ = {isa = PBXFileReference; lastKnownFileType = sourcecode.swift; path = ProductCard.swift; sourceTree = "<group>"; };
		6F09D4082AE2765F00C072FE /* SignupViewController.swift */ = {isa = PBXFileReference; lastKnownFileType = sourcecode.swift; path = SignupViewController.swift; sourceTree = "<group>"; };
		6F09D40A2AE2785300C072FE /* BackButton.swift */ = {isa = PBXFileReference; lastKnownFileType = sourcecode.swift; path = BackButton.swift; sourceTree = "<group>"; };
		6F3EE8F32AE0326900092A87 /* mobi_market.app */ = {isa = PBXFileReference; explicitFileType = wrapper.application; includeInIndex = 0; path = mobi_market.app; sourceTree = BUILT_PRODUCTS_DIR; };
		6F3EE8F62AE0326900092A87 /* AppDelegate.swift */ = {isa = PBXFileReference; lastKnownFileType = sourcecode.swift; path = AppDelegate.swift; sourceTree = "<group>"; };
		6F3EE8F82AE0326900092A87 /* SceneDelegate.swift */ = {isa = PBXFileReference; lastKnownFileType = sourcecode.swift; path = SceneDelegate.swift; sourceTree = "<group>"; };
		6F3EE8FA2AE0326900092A87 /* LoginViewController.swift */ = {isa = PBXFileReference; lastKnownFileType = sourcecode.swift; path = LoginViewController.swift; sourceTree = "<group>"; };
		6F3EE8FF2AE0326B00092A87 /* Assets.xcassets */ = {isa = PBXFileReference; lastKnownFileType = folder.assetcatalog; path = Assets.xcassets; sourceTree = "<group>"; };
		6F3EE9022AE0326B00092A87 /* Base */ = {isa = PBXFileReference; lastKnownFileType = file.storyboard; name = Base; path = Base.lproj/LaunchScreen.storyboard; sourceTree = "<group>"; };
		6F3EE9042AE0326B00092A87 /* Info.plist */ = {isa = PBXFileReference; lastKnownFileType = text.plist.xml; path = Info.plist; sourceTree = "<group>"; };
		6F3EE9162AE0EFF600092A87 /* TextField.swift */ = {isa = PBXFileReference; lastKnownFileType = sourcecode.swift; path = TextField.swift; sourceTree = "<group>"; };
		6F3EE91C2AE0F17D00092A87 /* gothampro.ttf */ = {isa = PBXFileReference; lastKnownFileType = file; path = gothampro.ttf; sourceTree = "<group>"; };
		6F3EE91D2AE0F17D00092A87 /* gothampro_bold.ttf */ = {isa = PBXFileReference; lastKnownFileType = file; path = gothampro_bold.ttf; sourceTree = "<group>"; };
		6F3EE9212AE0F3F900092A87 /* Button.swift */ = {isa = PBXFileReference; lastKnownFileType = sourcecode.swift; path = Button.swift; sourceTree = "<group>"; };
		6F3EE9232AE0F8DB00092A87 /* Nunito-ExtraBold.ttf */ = {isa = PBXFileReference; lastKnownFileType = file; path = "Nunito-ExtraBold.ttf"; sourceTree = "<group>"; };
		6F3EE9252AE1008C00092A87 /* gothampro_medium.ttf */ = {isa = PBXFileReference; lastKnownFileType = file; path = gothampro_medium.ttf; sourceTree = "<group>"; };
		6F4933892B0F9F3D00586089 /* AddProductView.swift */ = {isa = PBXFileReference; lastKnownFileType = sourcecode.swift; path = AddProductView.swift; sourceTree = "<group>"; };
		6F49338B2B0FA16300586089 /* AddProductViewController.swift */ = {isa = PBXFileReference; lastKnownFileType = sourcecode.swift; path = AddProductViewController.swift; sourceTree = "<group>"; };
		6F4CA7B02B0712CA00313EF9 /* MyProductsViewController.swift */ = {isa = PBXFileReference; lastKnownFileType = sourcecode.swift; path = MyProductsViewController.swift; sourceTree = "<group>"; };
		6F4CA7B22B07B69E00313EF9 /* ModalView.swift */ = {isa = PBXFileReference; lastKnownFileType = sourcecode.swift; path = ModalView.swift; sourceTree = "<group>"; };
		6F4CA7B42B07EE7D00313EF9 /* AlertViewController.swift */ = {isa = PBXFileReference; lastKnownFileType = sourcecode.swift; path = AlertViewController.swift; sourceTree = "<group>"; };
		6FB80C002B0BB5D500BC605D /* BarButtonItem.swift */ = {isa = PBXFileReference; lastKnownFileType = sourcecode.swift; path = BarButtonItem.swift; sourceTree = "<group>"; };
		6FB80C022B0BB66B00BC605D /* ProfileTextField.swift */ = {isa = PBXFileReference; lastKnownFileType = sourcecode.swift; path = ProfileTextField.swift; sourceTree = "<group>"; };
		6FF487D02AED40E7004E9B2A /* CreatePasswordViewController.swift */ = {isa = PBXFileReference; lastKnownFileType = sourcecode.swift; path = CreatePasswordViewController.swift; sourceTree = "<group>"; };
		6FFD62332AF3C5C00036C106 /* TabBarViewController.swift */ = {isa = PBXFileReference; lastKnownFileType = sourcecode.swift; path = TabBarViewController.swift; sourceTree = "<group>"; };
		6FFD62362AF3C7100036C106 /* ProfileViewController.swift */ = {isa = PBXFileReference; lastKnownFileType = sourcecode.swift; path = ProfileViewController.swift; sourceTree = "<group>"; };
		6FFD62382AF3C7440036C106 /* ChatsViewController.swift */ = {isa = PBXFileReference; lastKnownFileType = sourcecode.swift; path = ChatsViewController.swift; sourceTree = "<group>"; };
		6FFD623A2AF3C7BE0036C106 /* WalletViewController.swift */ = {isa = PBXFileReference; lastKnownFileType = sourcecode.swift; path = WalletViewController.swift; sourceTree = "<group>"; };
		6FFD623C2AF3C7DE0036C106 /* HomeViewController.swift */ = {isa = PBXFileReference; lastKnownFileType = sourcecode.swift; path = HomeViewController.swift; sourceTree = "<group>"; };
		6FFD623F2AF3C8130036C106 /* FavoritesViewController.swift */ = {isa = PBXFileReference; lastKnownFileType = sourcecode.swift; path = FavoritesViewController.swift; sourceTree = "<group>"; };
		6FFD62412AF3C82D0036C106 /* LogoutViewController.swift */ = {isa = PBXFileReference; lastKnownFileType = sourcecode.swift; path = LogoutViewController.swift; sourceTree = "<group>"; };
		6FFD62432AF3C8B10036C106 /* UserInfoViewController.swift */ = {isa = PBXFileReference; lastKnownFileType = sourcecode.swift; path = UserInfoViewController.swift; sourceTree = "<group>"; };
		6FFD62452AF3C8CD0036C106 /* AddNumberViewController.swift */ = {isa = PBXFileReference; lastKnownFileType = sourcecode.swift; path = AddNumberViewController.swift; sourceTree = "<group>"; };
		6FFD62472AF3C9150036C106 /* ConfirmCodeViewController.swift */ = {isa = PBXFileReference; lastKnownFileType = sourcecode.swift; path = ConfirmCodeViewController.swift; sourceTree = "<group>"; };
		6FFD624D2AF3CAA90036C106 /* ProductDetailsViewController.swift */ = {isa = PBXFileReference; lastKnownFileType = sourcecode.swift; path = ProductDetailsViewController.swift; sourceTree = "<group>"; };
/* End PBXFileReference section */

/* Begin PBXFrameworksBuildPhase section */
		6F3EE8F02AE0326900092A87 /* Frameworks */ = {
			isa = PBXFrameworksBuildPhase;
			buildActionMask = 2147483647;
			files = (
				6F3EE91A2AE0F04600092A87 /* SnapKit in Frameworks */,
			);
			runOnlyForDeploymentPostprocessing = 0;
		};
/* End PBXFrameworksBuildPhase section */

/* Begin PBXGroup section */
		6F0614F32B00F3DC002D11E6 /* SharedInstance */ = {
			isa = PBXGroup;
			children = (
				6F0614F42B00F3FF002D11E6 /* Storage.swift */,
			);
			path = SharedInstance;
			sourceTree = "<group>";
		};
		6F0614F62B01F3A7002D11E6 /* Frameworks */ = {
			isa = PBXGroup;
			children = (
			);
			name = Frameworks;
			sourceTree = "<group>";
		};
		6F3EE8EA2AE0326900092A87 = {
			isa = PBXGroup;
			children = (
				6F3EE8F52AE0326900092A87 /* mobi_market */,
				6F3EE8F42AE0326900092A87 /* Products */,
				6F0614F62B01F3A7002D11E6 /* Frameworks */,
			);
			sourceTree = "<group>";
		};
		6F3EE8F42AE0326900092A87 /* Products */ = {
			isa = PBXGroup;
			children = (
				6F3EE8F32AE0326900092A87 /* mobi_market.app */,
			);
			name = Products;
			sourceTree = "<group>";
		};
		6F3EE8F52AE0326900092A87 /* mobi_market */ = {
			isa = PBXGroup;
			children = (
				6F0614F32B00F3DC002D11E6 /* SharedInstance */,
				6F3EE90C2AE0338E00092A87 /* Models */,
				6F3EE9102AE033E100092A87 /* Views */,
				6F3EE9112AE033F000092A87 /* Components */,
				6F3EE90E2AE033B200092A87 /* Extensions */,
				6F3EE90A2AE0334E00092A87 /* Application */,
				6F3EE90B2AE0335F00092A87 /* Resources */,
				6F3EE9042AE0326B00092A87 /* Info.plist */,
			);
			path = mobi_market;
			sourceTree = "<group>";
		};
		6F3EE90A2AE0334E00092A87 /* Application */ = {
			isa = PBXGroup;
			children = (
				6F3EE8F62AE0326900092A87 /* AppDelegate.swift */,
				6F3EE8F82AE0326900092A87 /* SceneDelegate.swift */,
			);
			path = Application;
			sourceTree = "<group>";
		};
		6F3EE90B2AE0335F00092A87 /* Resources */ = {
			isa = PBXGroup;
			children = (
				6F3EE90F2AE033CD00092A87 /* Fonts */,
				6F3EE8FF2AE0326B00092A87 /* Assets.xcassets */,
				6F3EE9012AE0326B00092A87 /* LaunchScreen.storyboard */,
			);
			path = Resources;
			sourceTree = "<group>";
		};
		6F3EE90C2AE0338E00092A87 /* Models */ = {
			isa = PBXGroup;
			children = (
				6F0614FB2B0209D7002D11E6 /* ProductCard.swift */,
			);
			path = Models;
			sourceTree = "<group>";
		};
		6F3EE90E2AE033B200092A87 /* Extensions */ = {
			isa = PBXGroup;
			children = (
				6F09D40A2AE2785300C072FE /* BackButton.swift */,
			);
			path = Extensions;
			sourceTree = "<group>";
		};
		6F3EE90F2AE033CD00092A87 /* Fonts */ = {
			isa = PBXGroup;
			children = (
				6F3EE9232AE0F8DB00092A87 /* Nunito-ExtraBold.ttf */,
				6F3EE91D2AE0F17D00092A87 /* gothampro_bold.ttf */,
				6F3EE9252AE1008C00092A87 /* gothampro_medium.ttf */,
				6F3EE91C2AE0F17D00092A87 /* gothampro.ttf */,
			);
			path = Fonts;
			sourceTree = "<group>";
		};
		6F3EE9102AE033E100092A87 /* Views */ = {
			isa = PBXGroup;
			children = (
				6FFD62352AF3C6ED0036C106 /* TabBarControllers */,
			);
			path = Views;
			sourceTree = "<group>";
		};
		6F3EE9112AE033F000092A87 /* Components */ = {
			isa = PBXGroup;
			children = (
				6F3EE9162AE0EFF600092A87 /* TextField.swift */,
				6F3EE9212AE0F3F900092A87 /* Button.swift */,
				6FB80C002B0BB5D500BC605D /* BarButtonItem.swift */,
				6FB80C022B0BB66B00BC605D /* ProfileTextField.swift */,
			);
			path = Components;
			sourceTree = "<group>";
		};
		6FFC24A52B064CE9005666A0 /* Favorite */ = {
			isa = PBXGroup;
			children = (
				6FFD623F2AF3C8130036C106 /* FavoritesViewController.swift */,
			);
			path = Favorite;
			sourceTree = "<group>";
		};
		6FFC24A62B064D2E005666A0 /* HomeView */ = {
			isa = PBXGroup;
			children = (
				6FFC24B12B06686E005666A0 /* ProductDetail */,
				6F0614F92B0203E7002D11E6 /* ProductCardCollectionViewCell.swift */,
				6FFD623C2AF3C7DE0036C106 /* HomeViewController.swift */,
			);
			path = HomeView;
			sourceTree = "<group>";
		};
		6FFC24A72B064DB3005666A0 /* Profile */ = {
			isa = PBXGroup;
			children = (
				6FFD623E2AF3C7F60036C106 /* ProfileView */,
				6FFC24AD2B066769005666A0 /* UserInfo */,
				6FFC24B22B066883005666A0 /* Logout */,
				6FFC24A52B064CE9005666A0 /* Favorite */,
				6FFC24B02B06681D005666A0 /* MyProducts */,
			);
			path = Profile;
			sourceTree = "<group>";
		};
		6FFC24AA2B066602005666A0 /* Login */ = {
			isa = PBXGroup;
			children = (
				6F3EE8FA2AE0326900092A87 /* LoginViewController.swift */,
			);
			path = Login;
			sourceTree = "<group>";
		};
		6FFC24AB2B06660C005666A0 /* Signup */ = {
			isa = PBXGroup;
			children = (
				6F09D4082AE2765F00C072FE /* SignupViewController.swift */,
				6FF487D02AED40E7004E9B2A /* CreatePasswordViewController.swift */,
			);
			path = Signup;
			sourceTree = "<group>";
		};
		6FFC24AC2B066757005666A0 /* Number */ = {
			isa = PBXGroup;
			children = (
				6FFC24AF2B0667D4005666A0 /* AddNumber */,
				6FFC24AE2B06679D005666A0 /* ConfirmCode */,
			);
			path = Number;
			sourceTree = "<group>";
		};
		6FFC24AD2B066769005666A0 /* UserInfo */ = {
			isa = PBXGroup;
			children = (
				6FFD62432AF3C8B10036C106 /* UserInfoViewController.swift */,
				6FFC24AC2B066757005666A0 /* Number */,
			);
			path = UserInfo;
			sourceTree = "<group>";
		};
		6FFC24AE2B06679D005666A0 /* ConfirmCode */ = {
			isa = PBXGroup;
			children = (
				6FFD62472AF3C9150036C106 /* ConfirmCodeViewController.swift */,
			);
			path = ConfirmCode;
			sourceTree = "<group>";
		};
		6FFC24AF2B0667D4005666A0 /* AddNumber */ = {
			isa = PBXGroup;
			children = (
				6FFD62452AF3C8CD0036C106 /* AddNumberViewController.swift */,
			);
			path = AddNumber;
			sourceTree = "<group>";
		};
		6FFC24B02B06681D005666A0 /* MyProducts */ = {
			isa = PBXGroup;
			children = (
				6FFC24B32B0668E6005666A0 /* ChangeProductDetail */,
				6F4CA7B02B0712CA00313EF9 /* MyProductsViewController.swift */,
			);
			path = MyProducts;
			sourceTree = "<group>";
		};
		6FFC24B12B06686E005666A0 /* ProductDetail */ = {
			isa = PBXGroup;
			children = (
				6FFD624D2AF3CAA90036C106 /* ProductDetailsViewController.swift */,
			);
			path = ProductDetail;
			sourceTree = "<group>";
		};
		6FFC24B22B066883005666A0 /* Logout */ = {
			isa = PBXGroup;
			children = (
				6FFD62412AF3C82D0036C106 /* LogoutViewController.swift */,
			);
			path = Logout;
			sourceTree = "<group>";
		};
		6FFC24B32B0668E6005666A0 /* ChangeProductDetail */ = {
			isa = PBXGroup;
			children = (
				6F4CA7B22B07B69E00313EF9 /* ModalView.swift */,
				6F4CA7B42B07EE7D00313EF9 /* AlertViewController.swift */,
			);
			path = ChangeProductDetail;
			sourceTree = "<group>";
		};
		6FFC24B42B066921005666A0 /* Chats */ = {
			isa = PBXGroup;
			children = (
				6FFD62382AF3C7440036C106 /* ChatsViewController.swift */,
			);
			path = Chats;
			sourceTree = "<group>";
		};
		6FFC24B52B066929005666A0 /* Wallet */ = {
			isa = PBXGroup;
			children = (
				6FFD623A2AF3C7BE0036C106 /* WalletViewController.swift */,
			);
			path = Wallet;
			sourceTree = "<group>";
		};
		6FFC24B62B066933005666A0 /* AddProduct */ = {
			isa = PBXGroup;
			children = (
				6F4933892B0F9F3D00586089 /* AddProductView.swift */,
				6F49338B2B0FA16300586089 /* AddProductViewController.swift */,
			);
			path = AddProduct;
			sourceTree = "<group>";
		};
		6FFD62352AF3C6ED0036C106 /* TabBarControllers */ = {
			isa = PBXGroup;
			children = (
				6FFD62332AF3C5C00036C106 /* TabBarViewController.swift */,
				6FFC24AB2B06660C005666A0 /* Signup */,
				6FFC24AA2B066602005666A0 /* Login */,
				6FFC24A72B064DB3005666A0 /* Profile */,
				6FFC24A62B064D2E005666A0 /* HomeView */,
				6FFC24B42B066921005666A0 /* Chats */,
				6FFC24B52B066929005666A0 /* Wallet */,
				6FFC24B62B066933005666A0 /* AddProduct */,
			);
			path = TabBarControllers;
			sourceTree = "<group>";
		};
		6FFD623E2AF3C7F60036C106 /* ProfileView */ = {
			isa = PBXGroup;
			children = (
				6FFD62362AF3C7100036C106 /* ProfileViewController.swift */,
			);
			path = ProfileView;
			sourceTree = "<group>";
		};
/* End PBXGroup section */

/* Begin PBXNativeTarget section */
		6F3EE8F22AE0326900092A87 /* mobi_market */ = {
			isa = PBXNativeTarget;
			buildConfigurationList = 6F3EE9072AE0326B00092A87 /* Build configuration list for PBXNativeTarget "mobi_market" */;
			buildPhases = (
				6F3EE8EF2AE0326900092A87 /* Sources */,
				6F3EE8F02AE0326900092A87 /* Frameworks */,
				6F3EE8F12AE0326900092A87 /* Resources */,
			);
			buildRules = (
			);
			dependencies = (
			);
			name = mobi_market;
			packageProductDependencies = (
				6F3EE9192AE0F04600092A87 /* SnapKit */,
			);
			productName = mobi_market;
			productReference = 6F3EE8F32AE0326900092A87 /* mobi_market.app */;
			productType = "com.apple.product-type.application";
		};
/* End PBXNativeTarget section */

/* Begin PBXProject section */
		6F3EE8EB2AE0326900092A87 /* Project object */ = {
			isa = PBXProject;
			attributes = {
				BuildIndependentTargetsInParallel = 1;
				LastSwiftUpdateCheck = 1430;
				LastUpgradeCheck = 1430;
				TargetAttributes = {
					6F3EE8F22AE0326900092A87 = {
						CreatedOnToolsVersion = 14.3.1;
					};
				};
			};
			buildConfigurationList = 6F3EE8EE2AE0326900092A87 /* Build configuration list for PBXProject "mobi_market" */;
			compatibilityVersion = "Xcode 14.0";
			developmentRegion = en;
			hasScannedForEncodings = 0;
			knownRegions = (
				en,
				Base,
			);
			mainGroup = 6F3EE8EA2AE0326900092A87;
			packageReferences = (
				6F3EE9182AE0F04600092A87 /* XCRemoteSwiftPackageReference "SnapKit" */,
			);
			productRefGroup = 6F3EE8F42AE0326900092A87 /* Products */;
			projectDirPath = "";
			projectRoot = "";
			targets = (
				6F3EE8F22AE0326900092A87 /* mobi_market */,
			);
		};
/* End PBXProject section */

/* Begin PBXResourcesBuildPhase section */
		6F3EE8F12AE0326900092A87 /* Resources */ = {
			isa = PBXResourcesBuildPhase;
			buildActionMask = 2147483647;
			files = (
				6F3EE9202AE0F17D00092A87 /* gothampro_bold.ttf in Resources */,
				6F3EE9032AE0326B00092A87 /* LaunchScreen.storyboard in Resources */,
				6F3EE9242AE0F8DB00092A87 /* Nunito-ExtraBold.ttf in Resources */,
				6F3EE9262AE1008C00092A87 /* gothampro_medium.ttf in Resources */,
				6F3EE91F2AE0F17D00092A87 /* gothampro.ttf in Resources */,
				6F3EE9002AE0326B00092A87 /* Assets.xcassets in Resources */,
			);
			runOnlyForDeploymentPostprocessing = 0;
		};
/* End PBXResourcesBuildPhase section */

/* Begin PBXSourcesBuildPhase section */
		6F3EE8EF2AE0326900092A87 /* Sources */ = {
			isa = PBXSourcesBuildPhase;
			buildActionMask = 2147483647;
			files = (
				6F09D4092AE2765F00C072FE /* SignupViewController.swift in Sources */,
				6FFD62442AF3C8B10036C106 /* UserInfoViewController.swift in Sources */,
				6F49338C2B0FA16300586089 /* AddProductViewController.swift in Sources */,
				6FFD62462AF3C8CD0036C106 /* AddNumberViewController.swift in Sources */,
				6F0614FC2B0209D7002D11E6 /* ProductCard.swift in Sources */,
				6F49338A2B0F9F3D00586089 /* AddProductView.swift in Sources */,
				6FFD624E2AF3CAA90036C106 /* ProductDetailsViewController.swift in Sources */,
				6FB80C032B0BB66B00BC605D /* ProfileTextField.swift in Sources */,
				6F3EE9222AE0F3F900092A87 /* Button.swift in Sources */,
				6FFD62402AF3C8130036C106 /* FavoritesViewController.swift in Sources */,
				6FFD62372AF3C7100036C106 /* ProfileViewController.swift in Sources */,
				6F0614FA2B0203E7002D11E6 /* ProductCardCollectionViewCell.swift in Sources */,
				6F3EE8FB2AE0326900092A87 /* LoginViewController.swift in Sources */,
				6F3EE8F72AE0326900092A87 /* AppDelegate.swift in Sources */,
				6FFD623B2AF3C7BF0036C106 /* WalletViewController.swift in Sources */,
				6FFD62342AF3C5C00036C106 /* TabBarViewController.swift in Sources */,
				6FFD62392AF3C7440036C106 /* ChatsViewController.swift in Sources */,
				6F0614F52B00F3FF002D11E6 /* Storage.swift in Sources */,
				6F3EE8F92AE0326900092A87 /* SceneDelegate.swift in Sources */,
				6F09D40B2AE2785300C072FE /* BackButton.swift in Sources */,
				6F3EE9172AE0EFF600092A87 /* TextField.swift in Sources */,
				6FFD62482AF3C9150036C106 /* ConfirmCodeViewController.swift in Sources */,
				6FFD623D2AF3C7DE0036C106 /* HomeViewController.swift in Sources */,
				6FB80C012B0BB5D500BC605D /* BarButtonItem.swift in Sources */,
				6F4CA7B52B07EE7D00313EF9 /* AlertViewController.swift in Sources */,
				6F4CA7B32B07B69E00313EF9 /* ModalView.swift in Sources */,
				6F4CA7B12B0712CA00313EF9 /* MyProductsViewController.swift in Sources */,
				6FFD62422AF3C82D0036C106 /* LogoutViewController.swift in Sources */,
				6FF487D12AED40E7004E9B2A /* CreatePasswordViewController.swift in Sources */,
			);
			runOnlyForDeploymentPostprocessing = 0;
		};
/* End PBXSourcesBuildPhase section */

/* Begin PBXVariantGroup section */
		6F3EE9012AE0326B00092A87 /* LaunchScreen.storyboard */ = {
			isa = PBXVariantGroup;
			children = (
				6F3EE9022AE0326B00092A87 /* Base */,
			);
			name = LaunchScreen.storyboard;
			sourceTree = "<group>";
		};
/* End PBXVariantGroup section */

/* Begin XCBuildConfiguration section */
		6F3EE9052AE0326B00092A87 /* Debug */ = {
			isa = XCBuildConfiguration;
			buildSettings = {
				ALWAYS_SEARCH_USER_PATHS = NO;
				CLANG_ANALYZER_NONNULL = YES;
				CLANG_ANALYZER_NUMBER_OBJECT_CONVERSION = YES_AGGRESSIVE;
				CLANG_CXX_LANGUAGE_STANDARD = "gnu++20";
				CLANG_ENABLE_MODULES = YES;
				CLANG_ENABLE_OBJC_ARC = YES;
				CLANG_ENABLE_OBJC_WEAK = YES;
				CLANG_WARN_BLOCK_CAPTURE_AUTORELEASING = YES;
				CLANG_WARN_BOOL_CONVERSION = YES;
				CLANG_WARN_COMMA = YES;
				CLANG_WARN_CONSTANT_CONVERSION = YES;
				CLANG_WARN_DEPRECATED_OBJC_IMPLEMENTATIONS = YES;
				CLANG_WARN_DIRECT_OBJC_ISA_USAGE = YES_ERROR;
				CLANG_WARN_DOCUMENTATION_COMMENTS = YES;
				CLANG_WARN_EMPTY_BODY = YES;
				CLANG_WARN_ENUM_CONVERSION = YES;
				CLANG_WARN_INFINITE_RECURSION = YES;
				CLANG_WARN_INT_CONVERSION = YES;
				CLANG_WARN_NON_LITERAL_NULL_CONVERSION = YES;
				CLANG_WARN_OBJC_IMPLICIT_RETAIN_SELF = YES;
				CLANG_WARN_OBJC_LITERAL_CONVERSION = YES;
				CLANG_WARN_OBJC_ROOT_CLASS = YES_ERROR;
				CLANG_WARN_QUOTED_INCLUDE_IN_FRAMEWORK_HEADER = YES;
				CLANG_WARN_RANGE_LOOP_ANALYSIS = YES;
				CLANG_WARN_STRICT_PROTOTYPES = YES;
				CLANG_WARN_SUSPICIOUS_MOVE = YES;
				CLANG_WARN_UNGUARDED_AVAILABILITY = YES_AGGRESSIVE;
				CLANG_WARN_UNREACHABLE_CODE = YES;
				CLANG_WARN__DUPLICATE_METHOD_MATCH = YES;
				COPY_PHASE_STRIP = NO;
				DEBUG_INFORMATION_FORMAT = dwarf;
				ENABLE_STRICT_OBJC_MSGSEND = YES;
				ENABLE_TESTABILITY = YES;
				GCC_C_LANGUAGE_STANDARD = gnu11;
				GCC_DYNAMIC_NO_PIC = NO;
				GCC_NO_COMMON_BLOCKS = YES;
				GCC_OPTIMIZATION_LEVEL = 0;
				GCC_PREPROCESSOR_DEFINITIONS = (
					"DEBUG=1",
					"$(inherited)",
				);
				GCC_WARN_64_TO_32_BIT_CONVERSION = YES;
				GCC_WARN_ABOUT_RETURN_TYPE = YES_ERROR;
				GCC_WARN_UNDECLARED_SELECTOR = YES;
				GCC_WARN_UNINITIALIZED_AUTOS = YES_AGGRESSIVE;
				GCC_WARN_UNUSED_FUNCTION = YES;
				GCC_WARN_UNUSED_VARIABLE = YES;
				IPHONEOS_DEPLOYMENT_TARGET = 16.4;
				MTL_ENABLE_DEBUG_INFO = INCLUDE_SOURCE;
				MTL_FAST_MATH = YES;
				ONLY_ACTIVE_ARCH = YES;
				SDKROOT = iphoneos;
				SWIFT_ACTIVE_COMPILATION_CONDITIONS = DEBUG;
				SWIFT_OPTIMIZATION_LEVEL = "-Onone";
			};
			name = Debug;
		};
		6F3EE9062AE0326B00092A87 /* Release */ = {
			isa = XCBuildConfiguration;
			buildSettings = {
				ALWAYS_SEARCH_USER_PATHS = NO;
				CLANG_ANALYZER_NONNULL = YES;
				CLANG_ANALYZER_NUMBER_OBJECT_CONVERSION = YES_AGGRESSIVE;
				CLANG_CXX_LANGUAGE_STANDARD = "gnu++20";
				CLANG_ENABLE_MODULES = YES;
				CLANG_ENABLE_OBJC_ARC = YES;
				CLANG_ENABLE_OBJC_WEAK = YES;
				CLANG_WARN_BLOCK_CAPTURE_AUTORELEASING = YES;
				CLANG_WARN_BOOL_CONVERSION = YES;
				CLANG_WARN_COMMA = YES;
				CLANG_WARN_CONSTANT_CONVERSION = YES;
				CLANG_WARN_DEPRECATED_OBJC_IMPLEMENTATIONS = YES;
				CLANG_WARN_DIRECT_OBJC_ISA_USAGE = YES_ERROR;
				CLANG_WARN_DOCUMENTATION_COMMENTS = YES;
				CLANG_WARN_EMPTY_BODY = YES;
				CLANG_WARN_ENUM_CONVERSION = YES;
				CLANG_WARN_INFINITE_RECURSION = YES;
				CLANG_WARN_INT_CONVERSION = YES;
				CLANG_WARN_NON_LITERAL_NULL_CONVERSION = YES;
				CLANG_WARN_OBJC_IMPLICIT_RETAIN_SELF = YES;
				CLANG_WARN_OBJC_LITERAL_CONVERSION = YES;
				CLANG_WARN_OBJC_ROOT_CLASS = YES_ERROR;
				CLANG_WARN_QUOTED_INCLUDE_IN_FRAMEWORK_HEADER = YES;
				CLANG_WARN_RANGE_LOOP_ANALYSIS = YES;
				CLANG_WARN_STRICT_PROTOTYPES = YES;
				CLANG_WARN_SUSPICIOUS_MOVE = YES;
				CLANG_WARN_UNGUARDED_AVAILABILITY = YES_AGGRESSIVE;
				CLANG_WARN_UNREACHABLE_CODE = YES;
				CLANG_WARN__DUPLICATE_METHOD_MATCH = YES;
				COPY_PHASE_STRIP = NO;
				DEBUG_INFORMATION_FORMAT = "dwarf-with-dsym";
				ENABLE_NS_ASSERTIONS = NO;
				ENABLE_STRICT_OBJC_MSGSEND = YES;
				GCC_C_LANGUAGE_STANDARD = gnu11;
				GCC_NO_COMMON_BLOCKS = YES;
				GCC_WARN_64_TO_32_BIT_CONVERSION = YES;
				GCC_WARN_ABOUT_RETURN_TYPE = YES_ERROR;
				GCC_WARN_UNDECLARED_SELECTOR = YES;
				GCC_WARN_UNINITIALIZED_AUTOS = YES_AGGRESSIVE;
				GCC_WARN_UNUSED_FUNCTION = YES;
				GCC_WARN_UNUSED_VARIABLE = YES;
				IPHONEOS_DEPLOYMENT_TARGET = 16.4;
				MTL_ENABLE_DEBUG_INFO = NO;
				MTL_FAST_MATH = YES;
				SDKROOT = iphoneos;
				SWIFT_COMPILATION_MODE = wholemodule;
				SWIFT_OPTIMIZATION_LEVEL = "-O";
				VALIDATE_PRODUCT = YES;
			};
			name = Release;
		};
		6F3EE9082AE0326B00092A87 /* Debug */ = {
			isa = XCBuildConfiguration;
			buildSettings = {
				ASSETCATALOG_COMPILER_APPICON_NAME = AppIcon;
				ASSETCATALOG_COMPILER_GLOBAL_ACCENT_COLOR_NAME = AccentColor;
				CODE_SIGN_STYLE = Automatic;
				CURRENT_PROJECT_VERSION = 1;
				GENERATE_INFOPLIST_FILE = YES;
				INFOPLIST_FILE = mobi_market/Info.plist;
				INFOPLIST_KEY_NSPhotoLibraryAddUsageDescription = "You can change profile photo";
				INFOPLIST_KEY_UIApplicationSupportsIndirectInputEvents = YES;
				INFOPLIST_KEY_UILaunchStoryboardName = LaunchScreen;
				INFOPLIST_KEY_UISupportedInterfaceOrientations_iPad = "UIInterfaceOrientationPortrait UIInterfaceOrientationPortraitUpsideDown UIInterfaceOrientationLandscapeLeft UIInterfaceOrientationLandscapeRight";
				INFOPLIST_KEY_UISupportedInterfaceOrientations_iPhone = "UIInterfaceOrientationPortrait UIInterfaceOrientationLandscapeLeft UIInterfaceOrientationLandscapeRight";
				LD_RUNPATH_SEARCH_PATHS = (
					"$(inherited)",
					"@executable_path/Frameworks",
				);
				MARKETING_VERSION = 1.0;
				PRODUCT_BUNDLE_IDENTIFIER = "demo.mobi-market";
				PRODUCT_NAME = "$(TARGET_NAME)";
				SUPPORTED_PLATFORMS = "iphoneos iphonesimulator";
				SUPPORTS_MACCATALYST = NO;
				SUPPORTS_MAC_DESIGNED_FOR_IPHONE_IPAD = NO;
				SWIFT_EMIT_LOC_STRINGS = YES;
				SWIFT_VERSION = 5.0;
				TARGETED_DEVICE_FAMILY = 1;
			};
			name = Debug;
		};
		6F3EE9092AE0326B00092A87 /* Release */ = {
			isa = XCBuildConfiguration;
			buildSettings = {
				ASSETCATALOG_COMPILER_APPICON_NAME = AppIcon;
				ASSETCATALOG_COMPILER_GLOBAL_ACCENT_COLOR_NAME = AccentColor;
				CODE_SIGN_STYLE = Automatic;
				CURRENT_PROJECT_VERSION = 1;
				GENERATE_INFOPLIST_FILE = YES;
				INFOPLIST_FILE = mobi_market/Info.plist;
				INFOPLIST_KEY_NSPhotoLibraryAddUsageDescription = "You can change profile photo";
				INFOPLIST_KEY_UIApplicationSupportsIndirectInputEvents = YES;
				INFOPLIST_KEY_UILaunchStoryboardName = LaunchScreen;
				INFOPLIST_KEY_UISupportedInterfaceOrientations_iPad = "UIInterfaceOrientationPortrait UIInterfaceOrientationPortraitUpsideDown UIInterfaceOrientationLandscapeLeft UIInterfaceOrientationLandscapeRight";
				INFOPLIST_KEY_UISupportedInterfaceOrientations_iPhone = "UIInterfaceOrientationPortrait UIInterfaceOrientationLandscapeLeft UIInterfaceOrientationLandscapeRight";
				LD_RUNPATH_SEARCH_PATHS = (
					"$(inherited)",
					"@executable_path/Frameworks",
				);
				MARKETING_VERSION = 1.0;
				PRODUCT_BUNDLE_IDENTIFIER = "demo.mobi-market";
				PRODUCT_NAME = "$(TARGET_NAME)";
				SUPPORTED_PLATFORMS = "iphoneos iphonesimulator";
				SUPPORTS_MACCATALYST = NO;
				SUPPORTS_MAC_DESIGNED_FOR_IPHONE_IPAD = NO;
				SWIFT_EMIT_LOC_STRINGS = YES;
				SWIFT_VERSION = 5.0;
				TARGETED_DEVICE_FAMILY = 1;
			};
			name = Release;
		};
/* End XCBuildConfiguration section */

/* Begin XCConfigurationList section */
		6F3EE8EE2AE0326900092A87 /* Build configuration list for PBXProject "mobi_market" */ = {
			isa = XCConfigurationList;
			buildConfigurations = (
				6F3EE9052AE0326B00092A87 /* Debug */,
				6F3EE9062AE0326B00092A87 /* Release */,
			);
			defaultConfigurationIsVisible = 0;
			defaultConfigurationName = Release;
		};
		6F3EE9072AE0326B00092A87 /* Build configuration list for PBXNativeTarget "mobi_market" */ = {
			isa = XCConfigurationList;
			buildConfigurations = (
				6F3EE9082AE0326B00092A87 /* Debug */,
				6F3EE9092AE0326B00092A87 /* Release */,
			);
			defaultConfigurationIsVisible = 0;
			defaultConfigurationName = Release;
		};
/* End XCConfigurationList section */

/* Begin XCRemoteSwiftPackageReference section */
		6F3EE9182AE0F04600092A87 /* XCRemoteSwiftPackageReference "SnapKit" */ = {
			isa = XCRemoteSwiftPackageReference;
			repositoryURL = "https://github.com/SnapKit/SnapKit";
			requirement = {
				kind = upToNextMajorVersion;
				minimumVersion = 5.0.0;
			};
		};
/* End XCRemoteSwiftPackageReference section */

/* Begin XCSwiftPackageProductDependency section */
		6F3EE9192AE0F04600092A87 /* SnapKit */ = {
			isa = XCSwiftPackageProductDependency;
			package = 6F3EE9182AE0F04600092A87 /* XCRemoteSwiftPackageReference "SnapKit" */;
			productName = SnapKit;
		};
/* End XCSwiftPackageProductDependency section */
	};
	rootObject = 6F3EE8EB2AE0326900092A87 /* Project object */;
}
